// !$*UTF8*$!
{
	archiveVersion = 1;
	classes = {
	};
	objectVersion = 56;
	objects = {

/* Begin PBXBuildFile section */
		963C5A9B0000000000000301 /* CACHEApp.swift in Sources */ = {isa = PBXBuildFile; fileRef = 963C5A9B0000000000000101 /* CACHEApp.swift */; };
		963C5A9B0000000000000302 /* ChatModels.swift in Sources */ = {isa = PBXBuildFile; fileRef = 963C5A9B0000000000000103 /* ChatModels.swift */; };
		963C5A9B0000000000000303 /* ChatStore.swift in Sources */ = {isa = PBXBuildFile; fileRef = 963C5A9B0000000000000104 /* ChatStore.swift */; };
		963C5A9B0000000000000304 /* LocalKnowledgeStore.swift in Sources */ = {isa = PBXBuildFile; fileRef = 963C5A9B0000000000000105 /* LocalKnowledgeStore.swift */; };
		963C5A9B0000000000000305 /* OfflineAIService.swift in Sources */ = {isa = PBXBuildFile; fileRef = 963C5A9B0000000000000106 /* OfflineAIService.swift */; };
		963C5A9B0000000000000306 /* NotificationScheduler.swift in Sources */ = {isa = PBXBuildFile; fileRef = 963C5A9B0000000000000107 /* NotificationScheduler.swift */; };
		963C5A9B0000000000000307 /* ContentView.swift in Sources */ = {isa = PBXBuildFile; fileRef = 963C5A9B0000000000000108 /* ContentView.swift */; };
		963C5A9B0000000000000308 /* LibraryView.swift in Sources */ = {isa = PBXBuildFile; fileRef = 963C5A9B0000000000000109 /* LibraryView.swift */; };
		963C5A9B0000000000000309 /* MenuView.swift in Sources */ = {isa = PBXBuildFile; fileRef = 963C5A9B000000000000010A /* MenuView.swift */; };
		963C5A9B000000000000030A /* NotificationsView.swift in Sources */ = {isa = PBXBuildFile; fileRef = 963C5A9B000000000000010B /* NotificationsView.swift */; };
		963C5A9B0000000000000401 /* knowledge.json in Resources */ = {isa = PBXBuildFile; fileRef = 963C5A9B000000000000010C /* knowledge.json */; };
		963C5A9B0000000000000402 /* cache-model-manifest.json in Resources */ = {isa = PBXBuildFile; fileRef = 963C5A9B000000000000010D /* cache-model-manifest.json */; };
		963C5A9B0000000000000403 /* Assets.xcassets in Resources */ = {isa = PBXBuildFile; fileRef = 963C5A9B000000000000010E /* Assets.xcassets */; };
/* End PBXBuildFile section */

/* Begin PBXFileReference section */
		963C5A9B0000000000000101 /* CACHEApp.swift */ = {isa = PBXFileReference; lastKnownFileType = sourcecode.swift; path = CACHEApp.swift; sourceTree = "<group>"; };
		963C5A9B0000000000000102 /* Info.plist */ = {isa = PBXFileReference; lastKnownFileType = text.plist.xml; path = Info.plist; sourceTree = "<group>"; };
		963C5A9B0000000000000103 /* ChatModels.swift */ = {isa = PBXFileReference; lastKnownFileType = sourcecode.swift; path = ChatModels.swift; sourceTree = "<group>"; };
		963C5A9B0000000000000104 /* ChatStore.swift */ = {isa = PBXFileReference; lastKnownFileType = sourcecode.swift; path = ChatStore.swift; sourceTree = "<group>"; };
		963C5A9B0000000000000105 /* LocalKnowledgeStore.swift */ = {isa = PBXFileReference; lastKnownFileType = sourcecode.swift; path = LocalKnowledgeStore.swift; sourceTree = "<group>"; };
		963C5A9B0000000000000106 /* OfflineAIService.swift */ = {isa = PBXFileReference; lastKnownFileType = sourcecode.swift; path = OfflineAIService.swift; sourceTree = "<group>"; };
		963C5A9B0000000000000107 /* NotificationScheduler.swift */ = {isa = PBXFileReference; lastKnownFileType = sourcecode.swift; path = NotificationScheduler.swift; sourceTree = "<group>"; };
		963C5A9B0000000000000108 /* ContentView.swift */ = {isa = PBXFileReference; lastKnownFileType = sourcecode.swift; path = ContentView.swift; sourceTree = "<group>"; };
		963C5A9B0000000000000109 /* LibraryView.swift */ = {isa = PBXFileReference; lastKnownFileType = sourcecode.swift; path = LibraryView.swift; sourceTree = "<group>"; };
		963C5A9B000000000000010A /* MenuView.swift */ = {isa = PBXFileReference; lastKnownFileType = sourcecode.swift; path = MenuView.swift; sourceTree = "<group>"; };
		963C5A9B000000000000010B /* NotificationsView.swift */ = {isa = PBXFileReference; lastKnownFileType = sourcecode.swift; path = NotificationsView.swift; sourceTree = "<group>"; };
		963C5A9B000000000000010C /* knowledge.json */ = {isa = PBXFileReference; lastKnownFileType = text.json; path = knowledge.json; sourceTree = "<group>"; };
		963C5A9B000000000000010D /* cache-model-manifest.json */ = {isa = PBXFileReference; lastKnownFileType = text.json; path = cache-model-manifest.json; sourceTree = "<group>"; };
		963C5A9B000000000000010E /* Assets.xcassets */ = {isa = PBXFileReference; lastKnownFileType = folder.assetcatalog; path = Assets.xcassets; sourceTree = "<group>"; };
		963C5A9B0000000000000201 /* CACHE.app */ = {isa = PBXFileReference; explicitFileType = wrapper.application; includeInIndex = 0; path = CACHE.app; sourceTree = BUILT_PRODUCTS_DIR; };
/* End PBXFileReference section */

/* Begin PBXFrameworksBuildPhase section */
		963C5A9B0000000000000701 /* Frameworks */ = {
			isa = PBXFrameworksBuildPhase;
			buildActionMask = 2147483647;
			files = (
			);
			runOnlyForDeploymentPostprocessing = 0;
		};
/* End PBXFrameworksBuildPhase section */

/* Begin PBXGroup section */
		963C5A9B0000000000000001 = {
			isa = PBXGroup;
			children = (
				963C5A9B0000000000000010 /* CACHE */,
				963C5A9B0000000000000102 /* Info.plist */,
				963C5A9B0000000000000020 /* Products */,
			);
			sourceTree = "<group>";
		};
		963C5A9B0000000000000010 /* CACHE */ = {
			isa = PBXGroup;
			children = (
				963C5A9B0000000000000101 /* CACHEApp.swift */,
				963C5A9B0000000000000011 /* Models */,
				963C5A9B0000000000000012 /* Services */,
				963C5A9B0000000000000013 /* Views */,
				963C5A9B0000000000000014 /* Resources */,
				963C5A9B0000000000000015 /* ModelAssets */,
			);
			path = CACHE;
			sourceTree = "<group>";
		};
		963C5A9B0000000000000011 /* Models */ = { isa = PBXGroup; children = ( 963C5A9B0000000000000103 /* ChatModels.swift */, ); path = Models; sourceTree = "<group>"; };
		963C5A9B0000000000000012 /* Services */ = { isa = PBXGroup; children = ( 963C5A9B0000000000000104 /* ChatStore.swift */, 963C5A9B0000000000000105 /* LocalKnowledgeStore.swift */, 963C5A9B0000000000000106 /* OfflineAIService.swift */, 963C5A9B0000000000000107 /* NotificationScheduler.swift */, ); path = Services; sourceTree = "<group>"; };
		963C5A9B0000000000000013 /* Views */ = { isa = PBXGroup; children = ( 963C5A9B0000000000000108 /* ContentView.swift */, 963C5A9B0000000000000109 /* LibraryView.swift */, 963C5A9B000000000000010A /* MenuView.swift */, 963C5A9B000000000000010B /* NotificationsView.swift */, ); path = Views; sourceTree = "<group>"; };
		963C5A9B0000000000000014 /* Resources */ = { isa = PBXGroup; children = ( 963C5A9B000000000000010C /* knowledge.json */, 963C5A9B000000000000010D /* cache-model-manifest.json */, 963C5A9B000000000000010E /* Assets.xcassets */, ); path = Resources; sourceTree = "<group>"; };
		963C5A9B0000000000000015 /* ModelAssets */ = { isa = PBXGroup; children = ( ); path = ModelAssets; sourceTree = "<group>"; };
		963C5A9B0000000000000020 /* Products */ = { isa = PBXGroup; children = ( 963C5A9B0000000000000201 /* CACHE.app */, ); name = Products; sourceTree = "<group>"; };
/* End PBXGroup section */

/* Begin PBXNativeTarget section */
		963C5A9B0000000000000002 /* CACHE */ = {
			isa = PBXNativeTarget;
			buildConfigurationList = 963C5A9B0000000000000602 /* Build configuration list for PBXNativeTarget "CACHE" */;
			buildPhases = (
				963C5A9B0000000000000701 /* Frameworks */,
				963C5A9B0000000000000702 /* Sources */,
				963C5A9B0000000000000703 /* Resources */,
			);
			buildRules = (
			);
			dependencies = (
			);
			name = CACHE;
			productName = CACHE;
			productReference = 963C5A9B0000000000000201 /* CACHE.app */;
			productType = "com.apple.product-type.application";
		};
/* End PBXNativeTarget section */

/* Begin PBXProject section */
		963C5A9B0000000000000003 /* Project object */ = {
			isa = PBXProject;
			attributes = {
				BuildIndependentTargetsInParallel = 1;
				LastUpgradeCheck = 1600;
				TargetAttributes = {
					963C5A9B0000000000000002 = {
						CreatedOnToolsVersion = 16.0;
					};
				};
			};
			buildConfigurationList = 963C5A9B0000000000000601 /* Build configuration list for PBXProject "CACHE" */;
			compatibilityVersion = "Xcode 14.0";
			developmentRegion = en;
			hasScannedForEncodings = 0;
			knownRegions = (
				en,
				Base,
			);
			mainGroup = 963C5A9B0000000000000001;
			productRefGroup = 963C5A9B0000000000000020 /* Products */;
			projectDirPath = "";
			projectRoot = "";
			targets = (
				963C5A9B0000000000000002 /* CACHE */,
			);
		};
/* End PBXProject section */

/* Begin PBXResourcesBuildPhase section */
		963C5A9B0000000000000703 /* Resources */ = {
			isa = PBXResourcesBuildPhase;
			buildActionMask = 2147483647;
			files = (
				963C5A9B0000000000000401 /* knowledge.json in Resources */,
				963C5A9B0000000000000402 /* cache-model-manifest.json in Resources */,
				963C5A9B0000000000000403 /* Assets.xcassets in Resources */,
			);
			runOnlyForDeploymentPostprocessing = 0;
		};
/* End PBXResourcesBuildPhase section */

/* Begin PBXSourcesBuildPhase section */
		963C5A9B0000000000000702 /* Sources */ = {
			isa = PBXSourcesBuildPhase;
			buildActionMask = 2147483647;
			files = (
				963C5A9B0000000000000301 /* CACHEApp.swift in Sources */,
				963C5A9B0000000000000302 /* ChatModels.swift in Sources */,
				963C5A9B0000000000000303 /* ChatStore.swift in Sources */,
				963C5A9B0000000000000304 /* LocalKnowledgeStore.swift in Sources */,
				963C5A9B0000000000000305 /* OfflineAIService.swift in Sources */,
				963C5A9B0000000000000306 /* NotificationScheduler.swift in Sources */,
				963C5A9B0000000000000307 /* ContentView.swift in Sources */,
				963C5A9B0000000000000308 /* LibraryView.swift in Sources */,
				963C5A9B0000000000000309 /* MenuView.swift in Sources */,
				963C5A9B000000000000030A /* NotificationsView.swift in Sources */,
			);
			runOnlyForDeploymentPostprocessing = 0;
		};
/* End PBXSourcesBuildPhase section */

/* Begin XCBuildConfiguration section */
		963C5A9B0000000000000801 /* Debug */ = {
			isa = XCBuildConfiguration;
			buildSettings = {
				ALWAYS_SEARCH_USER_PATHS = NO;
				CLANG_ANALYZER_NONNULL = YES;
				CLANG_CXX_LANGUAGE_STANDARD = "gnu++20";
				CLANG_ENABLE_MODULES = YES;
				CLANG_ENABLE_OBJC_ARC = YES;
				CLANG_WARN_BLOCK_CAPTURE_AUTORELEASING = YES;
				CLANG_WARN_BOOL_CONVERSION = YES;
				CLANG_WARN_COMMA = YES;
				CLANG_WARN_CONSTANT_CONVERSION = YES;
				CLANG_WARN_DEPRECATED_OBJC_IMPLEMENTATIONS = YES;
				CLANG_WARN_DIRECT_OBJC_ISA_USAGE = YES_ERROR;
				CLANG_WARN_DOCUMENTATION_COMMENTS = YES;
				CLANG_WARN_EMPTY_BODY = YES;
				CLANG_WARN_ENUM_CONVERSION = YES;
				CLANG_WARN_INT_CONVERSION = YES;
				CLANG_WARN_NON_LITERAL_NULL_CONVERSION = YES;
				CLANG_WARN_OBJC_IMPLICIT_RETAIN_SELF = YES;
				CLANG_WARN_OBJC_LITERAL_CONVERSION = YES;
				CLANG_WARN_OBJC_ROOT_CLASS = YES_ERROR;
				CLANG_WARN_QUOTED_INCLUDE_IN_FRAMEWORK_HEADER = YES;
				CLANG_WARN_RANGE_LOOP_ANALYSIS = YES;
				CLANG_WARN_STRICT_PROTOTYPES = YES;
				CLANG_WARN_SUSPICIOUS_MOVE = YES;
				CLANG_WARN_UNGUARDED_AVAILABILITY = YES_AGGRESSIVE;
				CLANG_WARN_UNREACHABLE_CODE = YES;
				CLANG_WARN__DUPLICATE_METHOD_MATCH = YES;
				COPY_PHASE_STRIP = NO;
				DEBUG_INFORMATION_FORMAT = dwarf;
				ENABLE_STRICT_OBJC_MSGSEND = YES;
				ENABLE_TESTABILITY = YES;
				GCC_C_LANGUAGE_STANDARD = gnu17;
				GCC_DYNAMIC_NO_PIC = NO;
				GCC_NO_COMMON_BLOCKS = YES;
				GCC_WARN_64_TO_32_BIT_CONVERSION = YES;
				GCC_WARN_ABOUT_RETURN_TYPE = YES_ERROR;
				GCC_WARN_UNDECLARED_SELECTOR = YES;
				GCC_WARN_UNINITIALIZED_AUTOS = YES_AGGRESSIVE;
				GCC_WARN_UNUSED_FUNCTION = YES;
				GCC_WARN_UNUSED_VARIABLE = YES;
				IPHONEOS_DEPLOYMENT_TARGET = 17.0;
				MTL_ENABLE_DEBUG_INFO = INCLUDE_SOURCE;
				ONLY_ACTIVE_ARCH = YES;
				SDKROOT = iphoneos;
				SWIFT_ACTIVE_COMPILATION_CONDITIONS = "DEBUG $(inherited)";
				SWIFT_OPTIMIZATION_LEVEL = "-Onone";
				SWIFT_VERSION = 5.9;
			};
			name = Debug;
		};
		963C5A9B0000000000000802 /* Release */ = {
			isa = XCBuildConfiguration;
			buildSettings = {
				CLANG_ENABLE_MODULES = YES;
				CLANG_ENABLE_OBJC_ARC = YES;
				COPY_PHASE_STRIP = NO;
				DEBUG_INFORMATION_FORMAT = "dwarf-with-dsym";
				ENABLE_NS_ASSERTIONS = NO;
				IPHONEOS_DEPLOYMENT_TARGET = 17.0;
				SDKROOT = iphoneos;
				SWIFT_COMPILATION_MODE = wholemodule;
				SWIFT_OPTIMIZATION_LEVEL = "-O";
				SWIFT_VERSION = 5.9;
			};
			name = Release;
		};
		963C5A9B0000000000000803 /* Debug target */ = {
			isa = XCBuildConfiguration;
			buildSettings = {
				CODE_SIGN_STYLE = Automatic;
				DEVELOPMENT_TEAM = "";
				GENERATE_INFOPLIST_FILE = NO;
				INFOPLIST_FILE = Info.plist;
				IPHONEOS_DEPLOYMENT_TARGET = 17.0;
				PRODUCT_BUNDLE_PACKAGE_TYPE = APPL;
				PRODUCT_BUNDLE_IDENTIFIER = com.cache.app;
				PRODUCT_NAME = "$(TARGET_NAME)";
				SWIFT_VERSION = 5.9;
				TARGETED_DEVICE_FAMILY = 1;
			};
			name = Debug;
		};
		963C5A9B0000000000000804 /* Release target */ = {
			isa = XCBuildConfiguration;
			buildSettings = {
				CODE_SIGN_STYLE = Automatic;
				DEVELOPMENT_TEAM = "";
				GENERATE_INFOPLIST_FILE = NO;
				INFOPLIST_FILE = Info.plist;
				IPHONEOS_DEPLOYMENT_TARGET = 17.0;
				PRODUCT_BUNDLE_PACKAGE_TYPE = APPL;
				PRODUCT_BUNDLE_IDENTIFIER = com.cache.app;
				PRODUCT_NAME = "$(TARGET_NAME)";
				SWIFT_VERSION = 5.9;
				TARGETED_DEVICE_FAMILY = 1;
			};
			name = Release;
		};
/* End XCBuildConfiguration section */

/* Begin XCConfigurationList section */
		963C5A9B0000000000000601 /* Build configuration list for PBXProject "CACHE" */ = {
			isa = XCConfigurationList;
			buildConfigurations = (
				963C5A9B0000000000000801 /* Debug */,
				963C5A9B0000000000000802 /* Release */,
			);
			defaultConfigurationIsVisible = 0;
			defaultConfigurationName = Release;
		};
		963C5A9B0000000000000602 /* Build configuration list for PBXNativeTarget "CACHE" */ = {
			isa = XCConfigurationList;
			buildConfigurations = (
				963C5A9B0000000000000803 /* Debug target */,
				963C5A9B0000000000000804 /* Release target */,
			);
			defaultConfigurationIsVisible = 0;
			defaultConfigurationName = Release;
		};
/* End XCConfigurationList section */
	};
	rootObject = 963C5A9B0000000000000003 /* Project object */;
}
